{
  "projects": [
    {
      "projectId": "greMf1VEQkt4MFPhQZJ1ua",
      "version": "latest",
      "dependencies": {},
      "lang": "ts",
      "fileLocks": [
        {
          "type": "globalVariant",
          "assetId": "8SnQTvskqZ89K",
          "checksum": "7c9892bbfb86d7db97cbd71da71d15c3"
        },
        {
          "type": "renderModule",
          "assetId": "VXVX0M5zp1Df",
          "checksum": "26499ecaee764bb9301f8e66c276111e"
        },
        {
          "type": "cssRules",
          "assetId": "VXVX0M5zp1Df",
          "checksum": "26499ecaee764bb9301f8e66c276111e"
        },
        {
          "type": "icon",
          "assetId": "AXxrvcIbLY2",
          "checksum": "e369ac251ab5c001c6d1707d284f7951"
        },
        {
          "type": "icon",
          "assetId": "Bt309EfSp_c",
          "checksum": "aee8eec9c715766eb5688469245ea750"
        },
        {
          "type": "renderModule",
          "assetId": "WfeXSi13l0",
          "checksum": "c44a4f0ae909ae42bc5c8f243876f565"
        },
        {
          "type": "cssRules",
          "assetId": "WfeXSi13l0",
          "checksum": "c44a4f0ae909ae42bc5c8f243876f565"
        },
        {
          "type": "icon",
          "assetId": "ecCv7ecZt",
          "checksum": "f3040cd053ec8d7fcb0e5073b5d84a40"
        },
        {
          "type": "icon",
          "assetId": "WQp4tVEOm",
          "checksum": "e9809ac8a999adcaa398744198344e57"
        },
        {
          "type": "icon",
          "assetId": "y9CJLHvYa",
          "checksum": "5977bbb587d99d289643af6284e5de08"
        },
        {
          "type": "icon",
          "assetId": "_S25c9xo2",
          "checksum": "3e89d03171afd212d1455369dad2a71d"
        },
        {
          "type": "renderModule",
          "assetId": "HmqbxqWFFW",
          "checksum": "ef96e13f2cb9b7405e5e77822e0888d9"
        },
        {
          "type": "cssRules",
          "assetId": "HmqbxqWFFW",
          "checksum": "ef96e13f2cb9b7405e5e77822e0888d9"
        },
        {
          "type": "renderModule",
          "assetId": "ODN3YJ6SGk",
          "checksum": "bac914aa2abae7fad85c8a416c0f7210"
        },
        {
          "type": "cssRules",
          "assetId": "ODN3YJ6SGk",
          "checksum": "bac914aa2abae7fad85c8a416c0f7210"
        },
        {
          "type": "renderModule",
          "assetId": "JGQhBxRoWTE",
          "checksum": "d54e061c0350874e59cf70f8006b407b"
        },
        {
          "type": "cssRules",
          "assetId": "JGQhBxRoWTE",
          "checksum": "d54e061c0350874e59cf70f8006b407b"
        },
        {
          "type": "renderModule",
          "assetId": "Fx826fHAFG",
          "checksum": "b2ae320c513fef80409498d58a177599"
        },
        {
          "type": "cssRules",
          "assetId": "Fx826fHAFG",
          "checksum": "b2ae320c513fef80409498d58a177599"
        },
        {
          "type": "renderModule",
          "assetId": "ObT6vFZq55k",
          "checksum": "b6b947360b967a779e7ff7178af91151"
        },
        {
          "type": "cssRules",
          "assetId": "ObT6vFZq55k",
          "checksum": "b6b947360b967a779e7ff7178af91151"
        },
        {
          "type": "renderModule",
          "assetId": "yRFP5-EEfg",
          "checksum": "25b241e906f8c530820abf5914df2bb0"
        },
        {
          "type": "cssRules",
          "assetId": "yRFP5-EEfg",
          "checksum": "25b241e906f8c530820abf5914df2bb0"
        },
        {
          "type": "icon",
          "assetId": "EHycK_nnkfH",
          "checksum": "188392d72aed261edd29da5a8b01167e"
        },
        {
          "type": "icon",
          "assetId": "GNssASFgbV",
          "checksum": "3653941dedafb3a2f8a6e7d5dd6ad906"
        },
        {
          "type": "icon",
          "assetId": "R1BUPGBLI",
          "checksum": "b14fd44f1bbf4779498fcff8979c3f62"
        },
        {
          "type": "icon",
          "assetId": "JtydVnT0J",
          "checksum": "b03e74353b54e9ac1ebe83a8eb9f1b49"
        },
        {
          "type": "icon",
          "assetId": "wiCNplmDL",
          "checksum": "618243a75919aef435b59bd201affba0"
        },
        {
          "type": "icon",
          "assetId": "V3sbMsl70",
          "checksum": "51f628e7fcf6bcd78401fa8ed1dd54b0"
        },
        {
          "type": "renderModule",
          "assetId": "O5dT0tkpxdk",
          "checksum": "fa355c85f2c09942f100e78e8d998e0a"
        },
        {
          "type": "cssRules",
          "assetId": "O5dT0tkpxdk",
          "checksum": "fa355c85f2c09942f100e78e8d998e0a"
        },
        {
          "type": "renderModule",
          "assetId": "kbkiVMiq7H",
          "checksum": "6876c9d6844b2188049c98c46653848d"
        },
        {
          "type": "cssRules",
          "assetId": "kbkiVMiq7H",
          "checksum": "6876c9d6844b2188049c98c46653848d"
        },
        {
          "type": "icon",
          "assetId": "SSfu3dAQF",
          "checksum": "62e046bdabc4c03806a9b4ac0bcdfbe5"
        },
        {
          "assetId": "greMf1VEQkt4MFPhQZJ1ua",
          "type": "projectCss",
          "checksum": "f5b484ec00171b9b002b550575fe800b"
        }
      ],
      "codegenVersion": "0.0.1"
    }
  ],
  "cliVersion": "0.1.175"
}
