{
  "projects": [
    {
      "projectId": "greMf1VEQkt4MFPhQZJ1ua",
      "version": "latest",
      "dependencies": {},
      "lang": "ts",
      "fileLocks": [
        {
          "type": "globalVariant",
          "assetId": "8SnQTvskqZ89K",
          "checksum": "7c9892bbfb86d7db97cbd71da71d15c3"
        },
        {
          "type": "renderModule",
          "assetId": "VXVX0M5zp1Df",
          "checksum": "df76e33a86dab6c4e14bf279ce3678e9"
        },
        {
          "type": "cssRules",
          "assetId": "VXVX0M5zp1Df",
          "checksum": "df76e33a86dab6c4e14bf279ce3678e9"
        },
        {
          "type": "icon",
          "assetId": "AXxrvcIbLY2",
          "checksum": "e369ac251ab5c001c6d1707d284f7951"
        },
        {
          "type": "icon",
          "assetId": "Bt309EfSp_c",
          "checksum": "aee8eec9c715766eb5688469245ea750"
        },
        {
          "type": "renderModule",
          "assetId": "WfeXSi13l0",
          "checksum": "144b1fd80dcb138c0adf90f4301aba97"
        },
        {
          "type": "cssRules",
          "assetId": "WfeXSi13l0",
          "checksum": "144b1fd80dcb138c0adf90f4301aba97"
        },
        {
          "type": "icon",
          "assetId": "ecCv7ecZt",
          "checksum": "f3040cd053ec8d7fcb0e5073b5d84a40"
        },
        {
          "type": "icon",
          "assetId": "WQp4tVEOm",
          "checksum": "e9809ac8a999adcaa398744198344e57"
        },
        {
          "type": "icon",
          "assetId": "y9CJLHvYa",
          "checksum": "5977bbb587d99d289643af6284e5de08"
        },
        {
          "type": "icon",
          "assetId": "_S25c9xo2",
          "checksum": "3e89d03171afd212d1455369dad2a71d"
        },
        {
          "type": "renderModule",
          "assetId": "HmqbxqWFFW",
          "checksum": "c3e26a4b43a43b9e2274f3fe67ef629f"
        },
        {
          "type": "cssRules",
          "assetId": "HmqbxqWFFW",
          "checksum": "c3e26a4b43a43b9e2274f3fe67ef629f"
        },
        {
          "type": "renderModule",
          "assetId": "ODN3YJ6SGk",
          "checksum": "80ce2de13d444381386814b0700d77e2"
        },
        {
          "type": "cssRules",
          "assetId": "ODN3YJ6SGk",
          "checksum": "80ce2de13d444381386814b0700d77e2"
        },
        {
          "type": "renderModule",
          "assetId": "JGQhBxRoWTE",
          "checksum": "204b189c814ea3860469294e14b4a33c"
        },
        {
          "type": "cssRules",
          "assetId": "JGQhBxRoWTE",
          "checksum": "204b189c814ea3860469294e14b4a33c"
        },
        {
          "type": "renderModule",
          "assetId": "Fx826fHAFG",
          "checksum": "19276ce326103bb504661c206022bc35"
        },
        {
          "type": "cssRules",
          "assetId": "Fx826fHAFG",
          "checksum": "19276ce326103bb504661c206022bc35"
        },
        {
          "type": "renderModule",
          "assetId": "ObT6vFZq55k",
          "checksum": "077d21fd3829be6770074af1e27a4c2d"
        },
        {
          "type": "cssRules",
          "assetId": "ObT6vFZq55k",
          "checksum": "077d21fd3829be6770074af1e27a4c2d"
        },
        {
          "type": "renderModule",
          "assetId": "yRFP5-EEfg",
          "checksum": "ebac90fc27cb015034c57ae811534492"
        },
        {
          "type": "cssRules",
          "assetId": "yRFP5-EEfg",
          "checksum": "ebac90fc27cb015034c57ae811534492"
        },
        {
          "type": "icon",
          "assetId": "EHycK_nnkfH",
          "checksum": "188392d72aed261edd29da5a8b01167e"
        },
        {
          "type": "icon",
          "assetId": "GNssASFgbV",
          "checksum": "3653941dedafb3a2f8a6e7d5dd6ad906"
        },
        {
          "type": "icon",
          "assetId": "R1BUPGBLI",
          "checksum": "b14fd44f1bbf4779498fcff8979c3f62"
        },
        {
          "type": "icon",
          "assetId": "JtydVnT0J",
          "checksum": "b03e74353b54e9ac1ebe83a8eb9f1b49"
        },
        {
          "type": "icon",
          "assetId": "wiCNplmDL",
          "checksum": "618243a75919aef435b59bd201affba0"
        },
        {
          "type": "icon",
          "assetId": "V3sbMsl70",
          "checksum": "51f628e7fcf6bcd78401fa8ed1dd54b0"
        },
        {
          "type": "renderModule",
          "assetId": "O5dT0tkpxdk",
          "checksum": "e0d0ffb9ff9ba35dd08394a3323a7eda"
        },
        {
          "type": "cssRules",
          "assetId": "O5dT0tkpxdk",
          "checksum": "e0d0ffb9ff9ba35dd08394a3323a7eda"
        },
        {
          "type": "renderModule",
          "assetId": "kbkiVMiq7H",
          "checksum": "6e5152b6e7f4d7b12c66fe6b1bcf5dc2"
        },
        {
          "type": "cssRules",
          "assetId": "kbkiVMiq7H",
          "checksum": "6e5152b6e7f4d7b12c66fe6b1bcf5dc2"
        },
        {
          "type": "icon",
          "assetId": "SSfu3dAQF",
          "checksum": "62e046bdabc4c03806a9b4ac0bcdfbe5"
        },
        {
          "type": "icon",
          "assetId": "6JTeMSQo_",
          "checksum": "068615e52aa71995a0ee6e8cb7aeb002"
        },
        {
          "type": "icon",
          "assetId": "HbrrSJ-QT",
          "checksum": "b94340dd07e32020ba278735d61a37dd"
        },
        {
          "assetId": "greMf1VEQkt4MFPhQZJ1ua",
          "type": "projectCss",
          "checksum": "bc74d700a44a4657511450ffcdb2985e"
        }
      ],
      "codegenVersion": "0.0.1"
    }
  ],
  "cliVersion": "0.1.175"
}
